{
  "name": "binary-help",
  "version": "1.0.0",
  "lockfileVersion": 1,
  "requires": true,
  "dependencies": {
    "dotenv": {
      "version": "5.0.1",
      "resolved": "https://registry.npmjs.org/dotenv/-/dotenv-5.0.1.tgz",
      "integrity": "sha512-4As8uPrjfwb7VXC+WnLCbXK7y+Ueb2B3zgNCePYfhxS1PYeaO1YTeplffTEcbfLhvFNGLAz90VvJs9yomG7bow=="
    },
    "random-array": {
      "version": "0.0.2",
      "resolved": "https://registry.npmjs.org/random-array/-/random-array-0.0.2.tgz",
      "integrity": "sha1-lzycWp1wb90llKLE7s8ABGkUKhc="
    },
    "random-item-in-array": {
      "version": "1.0.0",
      "resolved": "https://registry.npmjs.org/random-item-in-array/-/random-item-in-array-1.0.0.tgz",
      "integrity": "sha1-V+ks9J/Nwy1I001yd0mIDD0u9nk=",
      "requires": {
        "random-number-in-range": "1.0.2"
      }
    },
    "random-number-in-range": {
      "version": "1.0.2",
      "resolved": "https://registry.npmjs.org/random-number-in-range/-/random-number-in-range-1.0.2.tgz",
      "integrity": "sha1-84NjCA/4gxBLdX8nrnk23ii7/o4="
    },
    "shuffle-array": {
      "version": "1.0.1",
      "resolved": "https://registry.npmjs.org/shuffle-array/-/shuffle-array-1.0.1.tgz",
      "integrity": "sha1-xP88/nTRb5NzBZIwGyXmV3sSiYs="
    }
  }
}
